// !$*UTF8*$!
{
	archiveVersion = 1;
	classes = {
	};
	objectVersion = 50;
	objects = {

/* Begin PBXBuildFile section */
		3F41C3482C28F69700566EBD /* AppDelegate.swift in Sources */ = {isa = PBXBuildFile; fileRef = 3F41C3472C28F69700566EBD /* AppDelegate.swift */; };
		3F41C34A2C28F69700566EBD /* SceneDelegate.swift in Sources */ = {isa = PBXBuildFile; fileRef = 3F41C3492C28F69700566EBD /* SceneDelegate.swift */; };
		3F41C34C2C28F69700566EBD /* ViewController.swift in Sources */ = {isa = PBXBuildFile; fileRef = 3F41C34B2C28F69700566EBD /* ViewController.swift */; };
		3F41C34F2C28F69700566EBD /* Main.storyboard in Resources */ = {isa = PBXBuildFile; fileRef = 3F41C34D2C28F69700566EBD /* Main.storyboard */; };
		3F41C3512C28F69800566EBD /* Assets.xcassets in Resources */ = {isa = PBXBuildFile; fileRef = 3F41C3502C28F69800566EBD /* Assets.xcassets */; };
		3F41C3542C28F69800566EBD /* LaunchScreen.storyboard in Resources */ = {isa = PBXBuildFile; fileRef = 3F41C3522C28F69800566EBD /* LaunchScreen.storyboard */; };
		3F41C37D2C28F73800566EBD /* SQLite.framework in Frameworks */ = {isa = PBXBuildFile; fileRef = 3F41C3672C28F70800566EBD /* SQLite.framework */; };
		3F41C37E2C28F73800566EBD /* SQLite.framework in Embed Frameworks */ = {isa = PBXBuildFile; fileRef = 3F41C3672C28F70800566EBD /* SQLite.framework */; settings = {ATTRIBUTES = (CodeSignOnCopy, RemoveHeadersOnCopy, ); }; };
		3F41C3812C290D3F00566EBD /* NewsModel.swift in Sources */ = {isa = PBXBuildFile; fileRef = 3F41C3802C290D3F00566EBD /* NewsModel.swift */; };
		3F41C3852C29135C00566EBD /* NewsTableViewCell.swift in Sources */ = {isa = PBXBuildFile; fileRef = 3F41C3842C29135C00566EBD /* NewsTableViewCell.swift */; };
		3F41C3882C291E2800566EBD /* DBTools.swift in Sources */ = {isa = PBXBuildFile; fileRef = 3F41C3872C291E2800566EBD /* DBTools.swift */; };
/* End PBXBuildFile section */

/* Begin PBXContainerItemProxy section */
		3F41C3662C28F70800566EBD /* PBXContainerItemProxy */ = {
			isa = PBXContainerItemProxy;
			containerPortal = 3F41C35C2C28F70800566EBD /* SQLite.xcodeproj */;
			proxyType = 2;
			remoteGlobalIDString = EE247AD31C3F04ED00AE3E12;
			remoteInfo = "SQLite iOS";
		};
		3F41C3682C28F70800566EBD /* PBXContainerItemProxy */ = {
			isa = PBXContainerItemProxy;
			containerPortal = 3F41C35C2C28F70800566EBD /* SQLite.xcodeproj */;
			proxyType = 2;
			remoteGlobalIDString = EE247ADD1C3F04ED00AE3E12;
			remoteInfo = "SQLiteTests iOS";
		};
		3F41C36A2C28F70800566EBD /* PBXContainerItemProxy */ = {
			isa = PBXContainerItemProxy;
			containerPortal = 3F41C35C2C28F70800566EBD /* SQLite.xcodeproj */;
			proxyType = 2;
			remoteGlobalIDString = EE247B3C1C3F3ED000AE3E12;
			remoteInfo = "SQLite Mac";
		};
		3F41C36C2C28F70800566EBD /* PBXContainerItemProxy */ = {
			isa = PBXContainerItemProxy;
			containerPortal = 3F41C35C2C28F70800566EBD /* SQLite.xcodeproj */;
			proxyType = 2;
			remoteGlobalIDString = EE247B451C3F3ED000AE3E12;
			remoteInfo = "SQLiteTests Mac";
		};
		3F41C36E2C28F70800566EBD /* PBXContainerItemProxy */ = {
			isa = PBXContainerItemProxy;
			containerPortal = 3F41C35C2C28F70800566EBD /* SQLite.xcodeproj */;
			proxyType = 2;
			remoteGlobalIDString = 03A65E5A1C6BB0F50062603F;
			remoteInfo = "SQLite tvOS";
		};
		3F41C3702C28F70800566EBD /* PBXContainerItemProxy */ = {
			isa = PBXContainerItemProxy;
			containerPortal = 3F41C35C2C28F70800566EBD /* SQLite.xcodeproj */;
			proxyType = 2;
			remoteGlobalIDString = 03A65E631C6BB0F60062603F;
			remoteInfo = "SQLiteTests tvOS";
		};
		3F41C3722C28F70800566EBD /* PBXContainerItemProxy */ = {
			isa = PBXContainerItemProxy;
			containerPortal = 3F41C35C2C28F70800566EBD /* SQLite.xcodeproj */;
			proxyType = 2;
			remoteGlobalIDString = A121AC451CA35C79005A31D1;
			remoteInfo = "SQLite watchOS";
		};
/* End PBXContainerItemProxy section */

/* Begin PBXCopyFilesBuildPhase section */
		3F41C37F2C28F73800566EBD /* Embed Frameworks */ = {
			isa = PBXCopyFilesBuildPhase;
			buildActionMask = 2147483647;
			dstPath = "";
			dstSubfolderSpec = 10;
			files = (
				3F41C37E2C28F73800566EBD /* SQLite.framework in Embed Frameworks */,
			);
			name = "Embed Frameworks";
			runOnlyForDeploymentPostprocessing = 0;
		};
/* End PBXCopyFilesBuildPhase section */

/* Begin PBXFileReference section */
		3F41C3442C28F69700566EBD /* NewsToday.app */ = {isa = PBXFileReference; explicitFileType = wrapper.application; includeInIndex = 0; path = NewsToday.app; sourceTree = BUILT_PRODUCTS_DIR; };
		3F41C3472C28F69700566EBD /* AppDelegate.swift */ = {isa = PBXFileReference; lastKnownFileType = sourcecode.swift; path = AppDelegate.swift; sourceTree = "<group>"; };
		3F41C3492C28F69700566EBD /* SceneDelegate.swift */ = {isa = PBXFileReference; lastKnownFileType = sourcecode.swift; path = SceneDelegate.swift; sourceTree = "<group>"; };
		3F41C34B2C28F69700566EBD /* ViewController.swift */ = {isa = PBXFileReference; lastKnownFileType = sourcecode.swift; path = ViewController.swift; sourceTree = "<group>"; };
		3F41C34E2C28F69700566EBD /* Base */ = {isa = PBXFileReference; lastKnownFileType = file.storyboard; name = Base; path = Base.lproj/Main.storyboard; sourceTree = "<group>"; };
		3F41C3502C28F69800566EBD /* Assets.xcassets */ = {isa = PBXFileReference; lastKnownFileType = folder.assetcatalog; path = Assets.xcassets; sourceTree = "<group>"; };
		3F41C3532C28F69800566EBD /* Base */ = {isa = PBXFileReference; lastKnownFileType = file.storyboard; name = Base; path = Base.lproj/LaunchScreen.storyboard; sourceTree = "<group>"; };
		3F41C3552C28F69800566EBD /* Info.plist */ = {isa = PBXFileReference; lastKnownFileType = text.plist.xml; path = Info.plist; sourceTree = "<group>"; };
		3F41C35C2C28F70800566EBD /* SQLite.xcodeproj */ = {isa = PBXFileReference; lastKnownFileType = "wrapper.pb-project"; name = SQLite.xcodeproj; path = "../../SQLite.swift-10.2/SQLite.xcodeproj"; sourceTree = "<group>"; };
		3F41C3802C290D3F00566EBD /* NewsModel.swift */ = {isa = PBXFileReference; lastKnownFileType = sourcecode.swift; path = NewsModel.swift; sourceTree = "<group>"; };
		3F41C3842C29135C00566EBD /* NewsTableViewCell.swift */ = {isa = PBXFileReference; lastKnownFileType = sourcecode.swift; path = NewsTableViewCell.swift; sourceTree = "<group>"; };
		3F41C3872C291E2800566EBD /* DBTools.swift */ = {isa = PBXFileReference; lastKnownFileType = sourcecode.swift; path = DBTools.swift; sourceTree = "<group>"; };
/* End PBXFileReference section */

/* Begin PBXFrameworksBuildPhase section */
		3F41C3412C28F69700566EBD /* Frameworks */ = {
			isa = PBXFrameworksBuildPhase;
			buildActionMask = 2147483647;
			files = (
				3F41C37D2C28F73800566EBD /* SQLite.framework in Frameworks */,
			);
			runOnlyForDeploymentPostprocessing = 0;
		};
/* End PBXFrameworksBuildPhase section */

/* Begin PBXGroup section */
		3F41C33B2C28F69700566EBD = {
			isa = PBXGroup;
			children = (
				3F41C3462C28F69700566EBD /* NewsToday */,
				3F41C3452C28F69700566EBD /* Products */,
				3F41C37C2C28F73800566EBD /* Frameworks */,
			);
			sourceTree = "<group>";
		};
		3F41C3452C28F69700566EBD /* Products */ = {
			isa = PBXGroup;
			children = (
				3F41C3442C28F69700566EBD /* NewsToday.app */,
			);
			name = Products;
			sourceTree = "<group>";
		};
		3F41C3462C28F69700566EBD /* NewsToday */ = {
			isa = PBXGroup;
			children = (
				3F41C35C2C28F70800566EBD /* SQLite.xcodeproj */,
				3F41C3472C28F69700566EBD /* AppDelegate.swift */,
				3F41C3492C28F69700566EBD /* SceneDelegate.swift */,
				3F41C34B2C28F69700566EBD /* ViewController.swift */,
				3F41C34D2C28F69700566EBD /* Main.storyboard */,
				3F41C3502C28F69800566EBD /* Assets.xcassets */,
				3F41C3522C28F69800566EBD /* LaunchScreen.storyboard */,
				3F41C3552C28F69800566EBD /* Info.plist */,
				3F41C3802C290D3F00566EBD /* NewsModel.swift */,
				3F41C3842C29135C00566EBD /* NewsTableViewCell.swift */,
				3F41C3872C291E2800566EBD /* DBTools.swift */,
			);
			path = NewsToday;
			sourceTree = "<group>";
		};
		3F41C35D2C28F70800566EBD /* Products */ = {
			isa = PBXGroup;
			children = (
				3F41C3672C28F70800566EBD /* SQLite.framework */,
				3F41C3692C28F70800566EBD /* SQLiteTests iOS.xctest */,
				3F41C36B2C28F70800566EBD /* SQLite.framework */,
				3F41C36D2C28F70800566EBD /* SQLiteTests Mac.xctest */,
				3F41C36F2C28F70800566EBD /* SQLite.framework */,
				3F41C3712C28F70800566EBD /* SQLiteTests tvOS.xctest */,
				3F41C3732C28F70800566EBD /* SQLite.framework */,
			);
			name = Products;
			sourceTree = "<group>";
		};
		3F41C37C2C28F73800566EBD /* Frameworks */ = {
			isa = PBXGroup;
			children = (
			);
			name = Frameworks;
			sourceTree = "<group>";
		};
/* End PBXGroup section */

/* Begin PBXNativeTarget section */
		3F41C3432C28F69700566EBD /* NewsToday */ = {
			isa = PBXNativeTarget;
			buildConfigurationList = 3F41C3582C28F69800566EBD /* Build configuration list for PBXNativeTarget "NewsToday" */;
			buildPhases = (
				3F41C3402C28F69700566EBD /* Sources */,
				3F41C3412C28F69700566EBD /* Frameworks */,
				3F41C3422C28F69700566EBD /* Resources */,
				3F41C37F2C28F73800566EBD /* Embed Frameworks */,
			);
			buildRules = (
			);
			dependencies = (
			);
			name = NewsToday;
			productName = NewsToday;
			productReference = 3F41C3442C28F69700566EBD /* NewsToday.app */;
			productType = "com.apple.product-type.application";
		};
/* End PBXNativeTarget section */

/* Begin PBXProject section */
		3F41C33C2C28F69700566EBD /* Project object */ = {
			isa = PBXProject;
			attributes = {
				LastSwiftUpdateCheck = 1240;
				LastUpgradeCheck = 1240;
				TargetAttributes = {
					3F41C3432C28F69700566EBD = {
						CreatedOnToolsVersion = 12.4;
					};
				};
			};
			buildConfigurationList = 3F41C33F2C28F69700566EBD /* Build configuration list for PBXProject "NewsToday" */;
			compatibilityVersion = "Xcode 9.3";
			developmentRegion = en;
			hasScannedForEncodings = 0;
			knownRegions = (
				en,
				Base,
			);
			mainGroup = 3F41C33B2C28F69700566EBD;
			productRefGroup = 3F41C3452C28F69700566EBD /* Products */;
			projectDirPath = "";
			projectReferences = (
				{
					ProductGroup = 3F41C35D2C28F70800566EBD /* Products */;
					ProjectRef = 3F41C35C2C28F70800566EBD /* SQLite.xcodeproj */;
				},
			);
			projectRoot = "";
			targets = (
				3F41C3432C28F69700566EBD /* NewsToday */,
			);
		};
/* End PBXProject section */

/* Begin PBXReferenceProxy section */
		3F41C3672C28F70800566EBD /* SQLite.framework */ = {
			isa = PBXReferenceProxy;
			fileType = wrapper.framework;
			path = SQLite.framework;
			remoteRef = 3F41C3662C28F70800566EBD /* PBXContainerItemProxy */;
			sourceTree = BUILT_PRODUCTS_DIR;
		};
		3F41C3692C28F70800566EBD /* SQLiteTests iOS.xctest */ = {
			isa = PBXReferenceProxy;
			fileType = wrapper.cfbundle;
			path = "SQLiteTests iOS.xctest";
			remoteRef = 3F41C3682C28F70800566EBD /* PBXContainerItemProxy */;
			sourceTree = BUILT_PRODUCTS_DIR;
		};
		3F41C36B2C28F70800566EBD /* SQLite.framework */ = {
			isa = PBXReferenceProxy;
			fileType = wrapper.framework;
			path = SQLite.framework;
			remoteRef = 3F41C36A2C28F70800566EBD /* PBXContainerItemProxy */;
			sourceTree = BUILT_PRODUCTS_DIR;
		};
		3F41C36D2C28F70800566EBD /* SQLiteTests Mac.xctest */ = {
			isa = PBXReferenceProxy;
			fileType = wrapper.cfbundle;
			path = "SQLiteTests Mac.xctest";
			remoteRef = 3F41C36C2C28F70800566EBD /* PBXContainerItemProxy */;
			sourceTree = BUILT_PRODUCTS_DIR;
		};
		3F41C36F2C28F70800566EBD /* SQLite.framework */ = {
			isa = PBXReferenceProxy;
			fileType = wrapper.framework;
			path = SQLite.framework;
			remoteRef = 3F41C36E2C28F70800566EBD /* PBXContainerItemProxy */;
			sourceTree = BUILT_PRODUCTS_DIR;
		};
		3F41C3712C28F70800566EBD /* SQLiteTests tvOS.xctest */ = {
			isa = PBXReferenceProxy;
			fileType = wrapper.cfbundle;
			path = "SQLiteTests tvOS.xctest";
			remoteRef = 3F41C3702C28F70800566EBD /* PBXContainerItemProxy */;
			sourceTree = BUILT_PRODUCTS_DIR;
		};
		3F41C3732C28F70800566EBD /* SQLite.framework */ = {
			isa = PBXReferenceProxy;
			fileType = wrapper.framework;
			path = SQLite.framework;
			remoteRef = 3F41C3722C28F70800566EBD /* PBXContainerItemProxy */;
			sourceTree = BUILT_PRODUCTS_DIR;
		};
/* End PBXReferenceProxy section */

/* Begin PBXResourcesBuildPhase section */
		3F41C3422C28F69700566EBD /* Resources */ = {
			isa = PBXResourcesBuildPhase;
			buildActionMask = 2147483647;
			files = (
				3F41C3542C28F69800566EBD /* LaunchScreen.storyboard in Resources */,
				3F41C3512C28F69800566EBD /* Assets.xcassets in Resources */,
				3F41C34F2C28F69700566EBD /* Main.storyboard in Resources */,
			);
			runOnlyForDeploymentPostprocessing = 0;
		};
/* End PBXResourcesBuildPhase section */

/* Begin PBXSourcesBuildPhase section */
		3F41C3402C28F69700566EBD /* Sources */ = {
			isa = PBXSourcesBuildPhase;
			buildActionMask = 2147483647;
			files = (
				3F41C3882C291E2800566EBD /* DBTools.swift in Sources */,
				3F41C3812C290D3F00566EBD /* NewsModel.swift in Sources */,
				3F41C34C2C28F69700566EBD /* ViewController.swift in Sources */,
				3F41C3852C29135C00566EBD /* NewsTableViewCell.swift in Sources */,
				3F41C3482C28F69700566EBD /* AppDelegate.swift in Sources */,
				3F41C34A2C28F69700566EBD /* SceneDelegate.swift in Sources */,
			);
			runOnlyForDeploymentPostprocessing = 0;
		};
/* End PBXSourcesBuildPhase section */

/* Begin PBXVariantGroup section */
		3F41C34D2C28F69700566EBD /* Main.storyboard */ = {
			isa = PBXVariantGroup;
			children = (
				3F41C34E2C28F69700566EBD /* Base */,
			);
			name = Main.storyboard;
			sourceTree = "<group>";
		};
		3F41C3522C28F69800566EBD /* LaunchScreen.storyboard */ = {
			isa = PBXVariantGroup;
			children = (
				3F41C3532C28F69800566EBD /* Base */,
			);
			name = LaunchScreen.storyboard;
			sourceTree = "<group>";
		};
/* End PBXVariantGroup section */

/* Begin XCBuildConfiguration section */
		3F41C3562C28F69800566EBD /* Debug */ = {
			isa = XCBuildConfiguration;
			buildSettings = {
				ALWAYS_SEARCH_USER_PATHS = NO;
				CLANG_ANALYZER_NONNULL = YES;
				CLANG_ANALYZER_NUMBER_OBJECT_CONVERSION = YES_AGGRESSIVE;
				CLANG_CXX_LANGUAGE_STANDARD = "gnu++14";
				CLANG_CXX_LIBRARY = "libc++";
				CLANG_ENABLE_MODULES = YES;
				CLANG_ENABLE_OBJC_ARC = YES;
				CLANG_ENABLE_OBJC_WEAK = YES;
				CLANG_WARN_BLOCK_CAPTURE_AUTORELEASING = YES;
				CLANG_WARN_BOOL_CONVERSION = YES;
				CLANG_WARN_COMMA = YES;
				CLANG_WARN_CONSTANT_CONVERSION = YES;
				CLANG_WARN_DEPRECATED_OBJC_IMPLEMENTATIONS = YES;
				CLANG_WARN_DIRECT_OBJC_ISA_USAGE = YES_ERROR;
				CLANG_WARN_DOCUMENTATION_COMMENTS = YES;
				CLANG_WARN_EMPTY_BODY = YES;
				CLANG_WARN_ENUM_CONVERSION = YES;
				CLANG_WARN_INFINITE_RECURSION = YES;
				CLANG_WARN_INT_CONVERSION = YES;
				CLANG_WARN_NON_LITERAL_NULL_CONVERSION = YES;
				CLANG_WARN_OBJC_IMPLICIT_RETAIN_SELF = YES;
				CLANG_WARN_OBJC_LITERAL_CONVERSION = YES;
				CLANG_WARN_OBJC_ROOT_CLASS = YES_ERROR;
				CLANG_WARN_QUOTED_INCLUDE_IN_FRAMEWORK_HEADER = YES;
				CLANG_WARN_RANGE_LOOP_ANALYSIS = YES;
				CLANG_WARN_STRICT_PROTOTYPES = YES;
				CLANG_WARN_SUSPICIOUS_MOVE = YES;
				CLANG_WARN_UNGUARDED_AVAILABILITY = YES_AGGRESSIVE;
				CLANG_WARN_UNREACHABLE_CODE = YES;
				CLANG_WARN__DUPLICATE_METHOD_MATCH = YES;
				COPY_PHASE_STRIP = NO;
				DEBUG_INFORMATION_FORMAT = dwarf;
				ENABLE_STRICT_OBJC_MSGSEND = YES;
				ENABLE_TESTABILITY = YES;
				GCC_C_LANGUAGE_STANDARD = gnu11;
				GCC_DYNAMIC_NO_PIC = NO;
				GCC_NO_COMMON_BLOCKS = YES;
				GCC_OPTIMIZATION_LEVEL = 0;
				GCC_PREPROCESSOR_DEFINITIONS = (
					"DEBUG=1",
					"$(inherited)",
				);
				GCC_WARN_64_TO_32_BIT_CONVERSION = YES;
				GCC_WARN_ABOUT_RETURN_TYPE = YES_ERROR;
				GCC_WARN_UNDECLARED_SELECTOR = YES;
				GCC_WARN_UNINITIALIZED_AUTOS = YES_AGGRESSIVE;
				GCC_WARN_UNUSED_FUNCTION = YES;
				GCC_WARN_UNUSED_VARIABLE = YES;
				IPHONEOS_DEPLOYMENT_TARGET = 14.4;
				MTL_ENABLE_DEBUG_INFO = INCLUDE_SOURCE;
				MTL_FAST_MATH = YES;
				ONLY_ACTIVE_ARCH = YES;
				SDKROOT = iphoneos;
				SWIFT_ACTIVE_COMPILATION_CONDITIONS = DEBUG;
				SWIFT_OPTIMIZATION_LEVEL = "-Onone";
			};
			name = Debug;
		};
		3F41C3572C28F69800566EBD /* Release */ = {
			isa = XCBuildConfiguration;
			buildSettings = {
				ALWAYS_SEARCH_USER_PATHS = NO;
				CLANG_ANALYZER_NONNULL = YES;
				CLANG_ANALYZER_NUMBER_OBJECT_CONVERSION = YES_AGGRESSIVE;
				CLANG_CXX_LANGUAGE_STANDARD = "gnu++14";
				CLANG_CXX_LIBRARY = "libc++";
				CLANG_ENABLE_MODULES = YES;
				CLANG_ENABLE_OBJC_ARC = YES;
				CLANG_ENABLE_OBJC_WEAK = YES;
				CLANG_WARN_BLOCK_CAPTURE_AUTORELEASING = YES;
				CLANG_WARN_BOOL_CONVERSION = YES;
				CLANG_WARN_COMMA = YES;
				CLANG_WARN_CONSTANT_CONVERSION = YES;
				CLANG_WARN_DEPRECATED_OBJC_IMPLEMENTATIONS = YES;
				CLANG_WARN_DIRECT_OBJC_ISA_USAGE = YES_ERROR;
				CLANG_WARN_DOCUMENTATION_COMMENTS = YES;
				CLANG_WARN_EMPTY_BODY = YES;
				CLANG_WARN_ENUM_CONVERSION = YES;
				CLANG_WARN_INFINITE_RECURSION = YES;
				CLANG_WARN_INT_CONVERSION = YES;
				CLANG_WARN_NON_LITERAL_NULL_CONVERSION = YES;
				CLANG_WARN_OBJC_IMPLICIT_RETAIN_SELF = YES;
				CLANG_WARN_OBJC_LITERAL_CONVERSION = YES;
				CLANG_WARN_OBJC_ROOT_CLASS = YES_ERROR;
				CLANG_WARN_QUOTED_INCLUDE_IN_FRAMEWORK_HEADER = YES;
				CLANG_WARN_RANGE_LOOP_ANALYSIS = YES;
				CLANG_WARN_STRICT_PROTOTYPES = YES;
				CLANG_WARN_SUSPICIOUS_MOVE = YES;
				CLANG_WARN_UNGUARDED_AVAILABILITY = YES_AGGRESSIVE;
				CLANG_WARN_UNREACHABLE_CODE = YES;
				CLANG_WARN__DUPLICATE_METHOD_MATCH = YES;
				COPY_PHASE_STRIP = NO;
				DEBUG_INFORMATION_FORMAT = "dwarf-with-dsym";
				ENABLE_NS_ASSERTIONS = NO;
				ENABLE_STRICT_OBJC_MSGSEND = YES;
				GCC_C_LANGUAGE_STANDARD = gnu11;
				GCC_NO_COMMON_BLOCKS = YES;
				GCC_WARN_64_TO_32_BIT_CONVERSION = YES;
				GCC_WARN_ABOUT_RETURN_TYPE = YES_ERROR;
				GCC_WARN_UNDECLARED_SELECTOR = YES;
				GCC_WARN_UNINITIALIZED_AUTOS = YES_AGGRESSIVE;
				GCC_WARN_UNUSED_FUNCTION = YES;
				GCC_WARN_UNUSED_VARIABLE = YES;
				IPHONEOS_DEPLOYMENT_TARGET = 14.4;
				MTL_ENABLE_DEBUG_INFO = NO;
				MTL_FAST_MATH = YES;
				SDKROOT = iphoneos;
				SWIFT_COMPILATION_MODE = wholemodule;
				SWIFT_OPTIMIZATION_LEVEL = "-O";
				VALIDATE_PRODUCT = YES;
			};
			name = Release;
		};
		3F41C3592C28F69800566EBD /* Debug */ = {
			isa = XCBuildConfiguration;
			buildSettings = {
				ASSETCATALOG_COMPILER_APPICON_NAME = AppIcon;
				ASSETCATALOG_COMPILER_GLOBAL_ACCENT_COLOR_NAME = AccentColor;
				CODE_SIGN_STYLE = Automatic;
				INFOPLIST_FILE = NewsToday/Info.plist;
				LD_RUNPATH_SEARCH_PATHS = (
					"$(inherited)",
					"@executable_path/Frameworks",
				);
				PRODUCT_BUNDLE_IDENTIFIER = Qbhx.NewsToday;
				PRODUCT_NAME = "$(TARGET_NAME)";
				SWIFT_VERSION = 5.0;
				TARGETED_DEVICE_FAMILY = "1,2";
			};
			name = Debug;
		};
		3F41C35A2C28F69800566EBD /* Release */ = {
			isa = XCBuildConfiguration;
			buildSettings = {
				ASSETCATALOG_COMPILER_APPICON_NAME = AppIcon;
				ASSETCATALOG_COMPILER_GLOBAL_ACCENT_COLOR_NAME = AccentColor;
				CODE_SIGN_STYLE = Automatic;
				INFOPLIST_FILE = NewsToday/Info.plist;
				LD_RUNPATH_SEARCH_PATHS = (
					"$(inherited)",
					"@executable_path/Frameworks",
				);
				PRODUCT_BUNDLE_IDENTIFIER = Qbhx.NewsToday;
				PRODUCT_NAME = "$(TARGET_NAME)";
				SWIFT_VERSION = 5.0;
				TARGETED_DEVICE_FAMILY = "1,2";
			};
			name = Release;
		};
/* End XCBuildConfiguration section */

/* Begin XCConfigurationList section */
		3F41C33F2C28F69700566EBD /* Build configuration list for PBXProject "NewsToday" */ = {
			isa = XCConfigurationList;
			buildConfigurations = (
				3F41C3562C28F69800566EBD /* Debug */,
				3F41C3572C28F69800566EBD /* Release */,
			);
			defaultConfigurationIsVisible = 0;
			defaultConfigurationName = Release;
		};
		3F41C3582C28F69800566EBD /* Build configuration list for PBXNativeTarget "NewsToday" */ = {
			isa = XCConfigurationList;
			buildConfigurations = (
				3F41C3592C28F69800566EBD /* Debug */,
				3F41C35A2C28F69800566EBD /* Release */,
			);
			defaultConfigurationIsVisible = 0;
			defaultConfigurationName = Release;
		};
/* End XCConfigurationList section */
	};
	rootObject = 3F41C33C2C28F69700566EBD /* Project object */;
}
